{
  "name": "@tightbeam/terraform",
  "version": "0.0.1",
  "lockfileVersion": 2,
  "requires": true,
  "packages": {
    "": {
      "name": "@tightbeam/terraform",
      "version": "0.0.1",
      "dependencies": {
        "@tightbeam/core": "file:../core"
      }
    },
    "../core": {
      "version": "0.0.1",
      "dependencies": {
        "ansible-vault": "^1.1.0",
        "commander": "^9.1.0",
        "ejs": "^3.1.6",
        "ini": "^3.0.0",
        "readline-sync": "^1.4.10"
      },
      "bin": {
        "tb": "src/cli.js",
        "tightbeam": "src/cli.js"
      }
    },
    "node_modules/@tightbeam/core": {
      "resolved": "../core",
      "link": true
    }
  },
  "dependencies": {
    "@tightbeam/core": {
      "version": "file:../core",
      "requires": {
        "ansible-vault": "^1.1.0",
        "commander": "^9.1.0",
        "ejs": "^3.1.6",
        "ini": "^3.0.0",
        "readline-sync": "^1.4.10"
      }
    }
  }
}
